
Microsoft Visual Studio Solution File, Format Version 12.00
# Visual Studio 15
VisualStudioVersion = 15.0.26430.13
MinimumVisualStudioVersion = 10.0.40219.1
Project("{FAE04EC0-301F-11D3-BF4B-00C04F79EFBC}") = "PrismBarbearia", "PrismBarbearia\PrismBarbearia\PrismBarbearia.csproj", "{189EDADA-41E7-4E35-A0B1-066EBA696C20}"
EndProject
Project("{FAE04EC0-301F-11D3-BF4B-00C04F79EFBC}") = "PrismBarbearia.Droid", "PrismBarbearia\PrismBarbearia.Droid\PrismBarbearia.Droid.csproj", "{F5F507FA-4F85-471B-8805-2DA9E8DE101D}"
EndProject
Project("{FAE04EC0-301F-11D3-BF4B-00C04F79EFBC}") = "PrismBarbearia.iOS", "PrismBarbearia\PrismBarbearia.iOS\PrismBarbearia.iOS.csproj", "{DA23AAFF-C772-4F0F-B0A3-585769EE3801}"
EndProject
Project("{FAE04EC0-301F-11D3-BF4B-00C04F79EFBC}") = "PrismBarbearia.UWP", "PrismBarbearia\PrismBarbearia.UWP\PrismBarbearia.UWP.csproj", "{8DB8B233-508B-41A6-A372-991A6D96EFD3}"
EndProject
Global
	GlobalSection(SolutionConfigurationPlatforms) = preSolution
		Ad-Hoc|Any CPU = Ad-Hoc|Any CPU
		Ad-Hoc|ARM = Ad-Hoc|ARM
		Ad-Hoc|iPhone = Ad-Hoc|iPhone
		Ad-Hoc|iPhoneSimulator = Ad-Hoc|iPhoneSimulator
		Ad-Hoc|x64 = Ad-Hoc|x64
		Ad-Hoc|x86 = Ad-Hoc|x86
		AppStore|Any CPU = AppStore|Any CPU
		AppStore|ARM = AppStore|ARM
		AppStore|iPhone = AppStore|iPhone
		AppStore|iPhoneSimulator = AppStore|iPhoneSimulator
		AppStore|x64 = AppStore|x64
		AppStore|x86 = AppStore|x86
		Debug|Any CPU = Debug|Any CPU
		Debug|ARM = Debug|ARM
		Debug|iPhone = Debug|iPhone
		Debug|iPhoneSimulator = Debug|iPhoneSimulator
		Debug|x64 = Debug|x64
		Debug|x86 = Debug|x86
		Release|Any CPU = Release|Any CPU
		Release|ARM = Release|ARM
		Release|iPhone = Release|iPhone
		Release|iPhoneSimulator = Release|iPhoneSimulator
		Release|x64 = Release|x64
		Release|x86 = Release|x86
	EndGlobalSection
	GlobalSection(ProjectConfigurationPlatforms) = postSolution
		{189EDADA-41E7-4E35-A0B1-066EBA696C20}.Ad-Hoc|Any CPU.ActiveCfg = Release|Any CPU
		{189EDADA-41E7-4E35-A0B1-066EBA696C20}.Ad-Hoc|Any CPU.Build.0 = Release|Any CPU
		{189EDADA-41E7-4E35-A0B1-066EBA696C20}.Ad-Hoc|ARM.ActiveCfg = Release|Any CPU
		{189EDADA-41E7-4E35-A0B1-066EBA696C20}.Ad-Hoc|ARM.Build.0 = Release|Any CPU
		{189EDADA-41E7-4E35-A0B1-066EBA696C20}.Ad-Hoc|iPhone.ActiveCfg = Release|Any CPU
		{189EDADA-41E7-4E35-A0B1-066EBA696C20}.Ad-Hoc|iPhone.Build.0 = Release|Any CPU
		{189EDADA-41E7-4E35-A0B1-066EBA696C20}.Ad-Hoc|iPhoneSimulator.ActiveCfg = Release|Any CPU
		{189EDADA-41E7-4E35-A0B1-066EBA696C20}.Ad-Hoc|iPhoneSimulator.Build.0 = Release|Any CPU
		{189EDADA-41E7-4E35-A0B1-066EBA696C20}.Ad-Hoc|x64.ActiveCfg = Release|Any CPU
		{189EDADA-41E7-4E35-A0B1-066EBA696C20}.Ad-Hoc|x64.Build.0 = Release|Any CPU
		{189EDADA-41E7-4E35-A0B1-066EBA696C20}.Ad-Hoc|x86.ActiveCfg = Release|Any CPU
		{189EDADA-41E7-4E35-A0B1-066EBA696C20}.Ad-Hoc|x86.Build.0 = Release|Any CPU
		{189EDADA-41E7-4E35-A0B1-066EBA696C20}.AppStore|Any CPU.ActiveCfg = Release|Any CPU
		{189EDADA-41E7-4E35-A0B1-066EBA696C20}.AppStore|Any CPU.Build.0 = Release|Any CPU
		{189EDADA-41E7-4E35-A0B1-066EBA696C20}.AppStore|ARM.ActiveCfg = Release|Any CPU
		{189EDADA-41E7-4E35-A0B1-066EBA696C20}.AppStore|ARM.Build.0 = Release|Any CPU
		{189EDADA-41E7-4E35-A0B1-066EBA696C20}.AppStore|iPhone.ActiveCfg = Release|Any CPU
		{189EDADA-41E7-4E35-A0B1-066EBA696C20}.AppStore|iPhone.Build.0 = Release|Any CPU
		{189EDADA-41E7-4E35-A0B1-066EBA696C20}.AppStore|iPhoneSimulator.ActiveCfg = Release|Any CPU
		{189EDADA-41E7-4E35-A0B1-066EBA696C20}.AppStore|iPhoneSimulator.Build.0 = Release|Any CPU
		{189EDADA-41E7-4E35-A0B1-066EBA696C20}.AppStore|x64.ActiveCfg = Release|Any CPU
		{189EDADA-41E7-4E35-A0B1-066EBA696C20}.AppStore|x64.Build.0 = Release|Any CPU
		{189EDADA-41E7-4E35-A0B1-066EBA696C20}.AppStore|x86.ActiveCfg = Release|Any CPU
		{189EDADA-41E7-4E35-A0B1-066EBA696C20}.AppStore|x86.Build.0 = Release|Any CPU
		{189EDADA-41E7-4E35-A0B1-066EBA696C20}.Debug|Any CPU.ActiveCfg = Debug|Any CPU
		{189EDADA-41E7-4E35-A0B1-066EBA696C20}.Debug|Any CPU.Build.0 = Debug|Any CPU
		{189EDADA-41E7-4E35-A0B1-066EBA696C20}.Debug|ARM.ActiveCfg = Debug|Any CPU
		{189EDADA-41E7-4E35-A0B1-066EBA696C20}.Debug|ARM.Build.0 = Debug|Any CPU
		{189EDADA-41E7-4E35-A0B1-066EBA696C20}.Debug|iPhone.ActiveCfg = Debug|Any CPU
		{189EDADA-41E7-4E35-A0B1-066EBA696C20}.Debug|iPhone.Build.0 = Debug|Any CPU
		{189EDADA-41E7-4E35-A0B1-066EBA696C20}.Debug|iPhoneSimulator.ActiveCfg = Debug|Any CPU
		{189EDADA-41E7-4E35-A0B1-066EBA696C20}.Debug|iPhoneSimulator.Build.0 = Debug|Any CPU
		{189EDADA-41E7-4E35-A0B1-066EBA696C20}.Debug|x64.ActiveCfg = Debug|Any CPU
		{189EDADA-41E7-4E35-A0B1-066EBA696C20}.Debug|x64.Build.0 = Debug|Any CPU
		{189EDADA-41E7-4E35-A0B1-066EBA696C20}.Debug|x86.ActiveCfg = Debug|Any CPU
		{189EDADA-41E7-4E35-A0B1-066EBA696C20}.Debug|x86.Build.0 = Debug|Any CPU
		{189EDADA-41E7-4E35-A0B1-066EBA696C20}.Release|Any CPU.ActiveCfg = Release|Any CPU
		{189EDADA-41E7-4E35-A0B1-066EBA696C20}.Release|Any CPU.Build.0 = Release|Any CPU
		{189EDADA-41E7-4E35-A0B1-066EBA696C20}.Release|ARM.ActiveCfg = Release|Any CPU
		{189EDADA-41E7-4E35-A0B1-066EBA696C20}.Release|ARM.Build.0 = Release|Any CPU
		{189EDADA-41E7-4E35-A0B1-066EBA696C20}.Release|iPhone.ActiveCfg = Release|Any CPU
		{189EDADA-41E7-4E35-A0B1-066EBA696C20}.Release|iPhone.Build.0 = Release|Any CPU
		{189EDADA-41E7-4E35-A0B1-066EBA696C20}.Release|iPhoneSimulator.ActiveCfg = Release|Any CPU
		{189EDADA-41E7-4E35-A0B1-066EBA696C20}.Release|iPhoneSimulator.Build.0 = Release|Any CPU
		{189EDADA-41E7-4E35-A0B1-066EBA696C20}.Release|x64.ActiveCfg = Release|Any CPU
		{189EDADA-41E7-4E35-A0B1-066EBA696C20}.Release|x64.Build.0 = Release|Any CPU
		{189EDADA-41E7-4E35-A0B1-066EBA696C20}.Release|x86.ActiveCfg = Release|Any CPU
		{189EDADA-41E7-4E35-A0B1-066EBA696C20}.Release|x86.Build.0 = Release|Any CPU
		{F5F507FA-4F85-471B-8805-2DA9E8DE101D}.Ad-Hoc|Any CPU.ActiveCfg = Release|Any CPU
		{F5F507FA-4F85-471B-8805-2DA9E8DE101D}.Ad-Hoc|Any CPU.Build.0 = Release|Any CPU
		{F5F507FA-4F85-471B-8805-2DA9E8DE101D}.Ad-Hoc|Any CPU.Deploy.0 = Release|Any CPU
		{F5F507FA-4F85-471B-8805-2DA9E8DE101D}.Ad-Hoc|ARM.ActiveCfg = Release|Any CPU
		{F5F507FA-4F85-471B-8805-2DA9E8DE101D}.Ad-Hoc|ARM.Build.0 = Release|Any CPU
		{F5F507FA-4F85-471B-8805-2DA9E8DE101D}.Ad-Hoc|ARM.Deploy.0 = Release|Any CPU
		{F5F507FA-4F85-471B-8805-2DA9E8DE101D}.Ad-Hoc|iPhone.ActiveCfg = Release|Any CPU
		{F5F507FA-4F85-471B-8805-2DA9E8DE101D}.Ad-Hoc|iPhone.Build.0 = Release|Any CPU
		{F5F507FA-4F85-471B-8805-2DA9E8DE101D}.Ad-Hoc|iPhone.Deploy.0 = Release|Any CPU
		{F5F507FA-4F85-471B-8805-2DA9E8DE101D}.Ad-Hoc|iPhoneSimulator.ActiveCfg = Release|Any CPU
		{F5F507FA-4F85-471B-8805-2DA9E8DE101D}.Ad-Hoc|iPhoneSimulator.Build.0 = Release|Any CPU
		{F5F507FA-4F85-471B-8805-2DA9E8DE101D}.Ad-Hoc|iPhoneSimulator.Deploy.0 = Release|Any CPU
		{F5F507FA-4F85-471B-8805-2DA9E8DE101D}.Ad-Hoc|x64.ActiveCfg = Release|Any CPU
		{F5F507FA-4F85-471B-8805-2DA9E8DE101D}.Ad-Hoc|x64.Build.0 = Release|Any CPU
		{F5F507FA-4F85-471B-8805-2DA9E8DE101D}.Ad-Hoc|x64.Deploy.0 = Release|Any CPU
		{F5F507FA-4F85-471B-8805-2DA9E8DE101D}.Ad-Hoc|x86.ActiveCfg = Release|Any CPU
		{F5F507FA-4F85-471B-8805-2DA9E8DE101D}.Ad-Hoc|x86.Build.0 = Release|Any CPU
		{F5F507FA-4F85-471B-8805-2DA9E8DE101D}.Ad-Hoc|x86.Deploy.0 = Release|Any CPU
		{F5F507FA-4F85-471B-8805-2DA9E8DE101D}.AppStore|Any CPU.ActiveCfg = Release|Any CPU
		{F5F507FA-4F85-471B-8805-2DA9E8DE101D}.AppStore|Any CPU.Build.0 = Release|Any CPU
		{F5F507FA-4F85-471B-8805-2DA9E8DE101D}.AppStore|Any CPU.Deploy.0 = Release|Any CPU
		{F5F507FA-4F85-471B-8805-2DA9E8DE101D}.AppStore|ARM.ActiveCfg = Release|Any CPU
		{F5F507FA-4F85-471B-8805-2DA9E8DE101D}.AppStore|ARM.Build.0 = Release|Any CPU
		{F5F507FA-4F85-471B-8805-2DA9E8DE101D}.AppStore|ARM.Deploy.0 = Release|Any CPU
		{F5F507FA-4F85-471B-8805-2DA9E8DE101D}.AppStore|iPhone.ActiveCfg = Release|Any CPU
		{F5F507FA-4F85-471B-8805-2DA9E8DE101D}.AppStore|iPhone.Build.0 = Release|Any CPU
		{F5F507FA-4F85-471B-8805-2DA9E8DE101D}.AppStore|iPhone.Deploy.0 = Release|Any CPU
		{F5F507FA-4F85-471B-8805-2DA9E8DE101D}.AppStore|iPhoneSimulator.ActiveCfg = Release|Any CPU
		{F5F507FA-4F85-471B-8805-2DA9E8DE101D}.AppStore|iPhoneSimulator.Build.0 = Release|Any CPU
		{F5F507FA-4F85-471B-8805-2DA9E8DE101D}.AppStore|iPhoneSimulator.Deploy.0 = Release|Any CPU
		{F5F507FA-4F85-471B-8805-2DA9E8DE101D}.AppStore|x64.ActiveCfg = Release|Any CPU
		{F5F507FA-4F85-471B-8805-2DA9E8DE101D}.AppStore|x64.Build.0 = Release|Any CPU
		{F5F507FA-4F85-471B-8805-2DA9E8DE101D}.AppStore|x64.Deploy.0 = Release|Any CPU
		{F5F507FA-4F85-471B-8805-2DA9E8DE101D}.AppStore|x86.ActiveCfg = Release|Any CPU
		{F5F507FA-4F85-471B-8805-2DA9E8DE101D}.AppStore|x86.Build.0 = Release|Any CPU
		{F5F507FA-4F85-471B-8805-2DA9E8DE101D}.AppStore|x86.Deploy.0 = Release|Any CPU
		{F5F507FA-4F85-471B-8805-2DA9E8DE101D}.Debug|Any CPU.ActiveCfg = Debug|Any CPU
		{F5F507FA-4F85-471B-8805-2DA9E8DE101D}.Debug|Any CPU.Build.0 = Debug|Any CPU
		{F5F507FA-4F85-471B-8805-2DA9E8DE101D}.Debug|Any CPU.Deploy.0 = Debug|Any CPU
		{F5F507FA-4F85-471B-8805-2DA9E8DE101D}.Debug|ARM.ActiveCfg = Debug|Any CPU
		{F5F507FA-4F85-471B-8805-2DA9E8DE101D}.Debug|ARM.Build.0 = Debug|Any CPU
		{F5F507FA-4F85-471B-8805-2DA9E8DE101D}.Debug|ARM.Deploy.0 = Debug|Any CPU
		{F5F507FA-4F85-471B-8805-2DA9E8DE101D}.Debug|iPhone.ActiveCfg = Debug|Any CPU
		{F5F507FA-4F85-471B-8805-2DA9E8DE101D}.Debug|iPhone.Build.0 = Debug|Any CPU
		{F5F507FA-4F85-471B-8805-2DA9E8DE101D}.Debug|iPhone.Deploy.0 = Debug|Any CPU
		{F5F507FA-4F85-471B-8805-2DA9E8DE101D}.Debug|iPhoneSimulator.ActiveCfg = Debug|Any CPU
		{F5F507FA-4F85-471B-8805-2DA9E8DE101D}.Debug|iPhoneSimulator.Build.0 = Debug|Any CPU
		{F5F507FA-4F85-471B-8805-2DA9E8DE101D}.Debug|iPhoneSimulator.Deploy.0 = Debug|Any CPU
		{F5F507FA-4F85-471B-8805-2DA9E8DE101D}.Debug|x64.ActiveCfg = Debug|Any CPU
		{F5F507FA-4F85-471B-8805-2DA9E8DE101D}.Debug|x64.Build.0 = Debug|Any CPU
		{F5F507FA-4F85-471B-8805-2DA9E8DE101D}.Debug|x64.Deploy.0 = Debug|Any CPU
		{F5F507FA-4F85-471B-8805-2DA9E8DE101D}.Debug|x86.ActiveCfg = Debug|Any CPU
		{F5F507FA-4F85-471B-8805-2DA9E8DE101D}.Debug|x86.Build.0 = Debug|Any CPU
		{F5F507FA-4F85-471B-8805-2DA9E8DE101D}.Debug|x86.Deploy.0 = Debug|Any CPU
		{F5F507FA-4F85-471B-8805-2DA9E8DE101D}.Release|Any CPU.ActiveCfg = Release|Any CPU
		{F5F507FA-4F85-471B-8805-2DA9E8DE101D}.Release|Any CPU.Build.0 = Release|Any CPU
		{F5F507FA-4F85-471B-8805-2DA9E8DE101D}.Release|Any CPU.Deploy.0 = Release|Any CPU
		{F5F507FA-4F85-471B-8805-2DA9E8DE101D}.Release|ARM.ActiveCfg = Release|Any CPU
		{F5F507FA-4F85-471B-8805-2DA9E8DE101D}.Release|ARM.Build.0 = Release|Any CPU
		{F5F507FA-4F85-471B-8805-2DA9E8DE101D}.Release|ARM.Deploy.0 = Release|Any CPU
		{F5F507FA-4F85-471B-8805-2DA9E8DE101D}.Release|iPhone.ActiveCfg = Release|Any CPU
		{F5F507FA-4F85-471B-8805-2DA9E8DE101D}.Release|iPhone.Build.0 = Release|Any CPU
		{F5F507FA-4F85-471B-8805-2DA9E8DE101D}.Release|iPhone.Deploy.0 = Release|Any CPU
		{F5F507FA-4F85-471B-8805-2DA9E8DE101D}.Release|iPhoneSimulator.ActiveCfg = Release|Any CPU
		{F5F507FA-4F85-471B-8805-2DA9E8DE101D}.Release|iPhoneSimulator.Build.0 = Release|Any CPU
		{F5F507FA-4F85-471B-8805-2DA9E8DE101D}.Release|iPhoneSimulator.Deploy.0 = Release|Any CPU
		{F5F507FA-4F85-471B-8805-2DA9E8DE101D}.Release|x64.ActiveCfg = Release|Any CPU
		{F5F507FA-4F85-471B-8805-2DA9E8DE101D}.Release|x64.Build.0 = Release|Any CPU
		{F5F507FA-4F85-471B-8805-2DA9E8DE101D}.Release|x64.Deploy.0 = Release|Any CPU
		{F5F507FA-4F85-471B-8805-2DA9E8DE101D}.Release|x86.ActiveCfg = Release|Any CPU
		{F5F507FA-4F85-471B-8805-2DA9E8DE101D}.Release|x86.Build.0 = Release|Any CPU
		{F5F507FA-4F85-471B-8805-2DA9E8DE101D}.Release|x86.Deploy.0 = Release|Any CPU
		{DA23AAFF-C772-4F0F-B0A3-585769EE3801}.Ad-Hoc|Any CPU.ActiveCfg = Ad-Hoc|iPhone
		{DA23AAFF-C772-4F0F-B0A3-585769EE3801}.Ad-Hoc|ARM.ActiveCfg = Ad-Hoc|iPhone
		{DA23AAFF-C772-4F0F-B0A3-585769EE3801}.Ad-Hoc|iPhone.ActiveCfg = Ad-Hoc|iPhone
		{DA23AAFF-C772-4F0F-B0A3-585769EE3801}.Ad-Hoc|iPhone.Build.0 = Ad-Hoc|iPhone
		{DA23AAFF-C772-4F0F-B0A3-585769EE3801}.Ad-Hoc|iPhoneSimulator.ActiveCfg = Ad-Hoc|iPhoneSimulator
		{DA23AAFF-C772-4F0F-B0A3-585769EE3801}.Ad-Hoc|iPhoneSimulator.Build.0 = Ad-Hoc|iPhoneSimulator
		{DA23AAFF-C772-4F0F-B0A3-585769EE3801}.Ad-Hoc|x64.ActiveCfg = Ad-Hoc|iPhone
		{DA23AAFF-C772-4F0F-B0A3-585769EE3801}.Ad-Hoc|x86.ActiveCfg = Ad-Hoc|iPhone
		{DA23AAFF-C772-4F0F-B0A3-585769EE3801}.AppStore|Any CPU.ActiveCfg = AppStore|iPhone
		{DA23AAFF-C772-4F0F-B0A3-585769EE3801}.AppStore|ARM.ActiveCfg = AppStore|iPhone
		{DA23AAFF-C772-4F0F-B0A3-585769EE3801}.AppStore|iPhone.ActiveCfg = AppStore|iPhone
		{DA23AAFF-C772-4F0F-B0A3-585769EE3801}.AppStore|iPhone.Build.0 = AppStore|iPhone
		{DA23AAFF-C772-4F0F-B0A3-585769EE3801}.AppStore|iPhoneSimulator.ActiveCfg = AppStore|iPhoneSimulator
		{DA23AAFF-C772-4F0F-B0A3-585769EE3801}.AppStore|iPhoneSimulator.Build.0 = AppStore|iPhoneSimulator
		{DA23AAFF-C772-4F0F-B0A3-585769EE3801}.AppStore|x64.ActiveCfg = AppStore|iPhone
		{DA23AAFF-C772-4F0F-B0A3-585769EE3801}.AppStore|x86.ActiveCfg = AppStore|iPhone
		{DA23AAFF-C772-4F0F-B0A3-585769EE3801}.Debug|Any CPU.ActiveCfg = Debug|iPhone
		{DA23AAFF-C772-4F0F-B0A3-585769EE3801}.Debug|ARM.ActiveCfg = Debug|iPhone
		{DA23AAFF-C772-4F0F-B0A3-585769EE3801}.Debug|iPhone.ActiveCfg = Debug|iPhone
		{DA23AAFF-C772-4F0F-B0A3-585769EE3801}.Debug|iPhone.Build.0 = Debug|iPhone
		{DA23AAFF-C772-4F0F-B0A3-585769EE3801}.Debug|iPhoneSimulator.ActiveCfg = Debug|iPhoneSimulator
		{DA23AAFF-C772-4F0F-B0A3-585769EE3801}.Debug|iPhoneSimulator.Build.0 = Debug|iPhoneSimulator
		{DA23AAFF-C772-4F0F-B0A3-585769EE3801}.Debug|x64.ActiveCfg = Debug|iPhone
		{DA23AAFF-C772-4F0F-B0A3-585769EE3801}.Debug|x86.ActiveCfg = Debug|iPhone
		{DA23AAFF-C772-4F0F-B0A3-585769EE3801}.Release|Any CPU.ActiveCfg = Release|iPhone
		{DA23AAFF-C772-4F0F-B0A3-585769EE3801}.Release|ARM.ActiveCfg = Release|iPhone
		{DA23AAFF-C772-4F0F-B0A3-585769EE3801}.Release|iPhone.ActiveCfg = Release|iPhone
		{DA23AAFF-C772-4F0F-B0A3-585769EE3801}.Release|iPhone.Build.0 = Release|iPhone
		{DA23AAFF-C772-4F0F-B0A3-585769EE3801}.Release|iPhoneSimulator.ActiveCfg = Release|iPhoneSimulator
		{DA23AAFF-C772-4F0F-B0A3-585769EE3801}.Release|iPhoneSimulator.Build.0 = Release|iPhoneSimulator
		{DA23AAFF-C772-4F0F-B0A3-585769EE3801}.Release|x64.ActiveCfg = Release|iPhone
		{DA23AAFF-C772-4F0F-B0A3-585769EE3801}.Release|x86.ActiveCfg = Release|iPhone
		{8DB8B233-508B-41A6-A372-991A6D96EFD3}.Ad-Hoc|Any CPU.ActiveCfg = Release|x86
		{8DB8B233-508B-41A6-A372-991A6D96EFD3}.Ad-Hoc|Any CPU.Build.0 = Release|x86
		{8DB8B233-508B-41A6-A372-991A6D96EFD3}.Ad-Hoc|Any CPU.Deploy.0 = Release|x86
		{8DB8B233-508B-41A6-A372-991A6D96EFD3}.Ad-Hoc|ARM.ActiveCfg = Release|ARM
		{8DB8B233-508B-41A6-A372-991A6D96EFD3}.Ad-Hoc|ARM.Build.0 = Release|ARM
		{8DB8B233-508B-41A6-A372-991A6D96EFD3}.Ad-Hoc|ARM.Deploy.0 = Release|ARM
		{8DB8B233-508B-41A6-A372-991A6D96EFD3}.Ad-Hoc|iPhone.ActiveCfg = Release|x86
		{8DB8B233-508B-41A6-A372-991A6D96EFD3}.Ad-Hoc|iPhone.Build.0 = Release|x86
		{8DB8B233-508B-41A6-A372-991A6D96EFD3}.Ad-Hoc|iPhone.Deploy.0 = Release|x86
		{8DB8B233-508B-41A6-A372-991A6D96EFD3}.Ad-Hoc|iPhoneSimulator.ActiveCfg = Release|x86
		{8DB8B233-508B-41A6-A372-991A6D96EFD3}.Ad-Hoc|iPhoneSimulator.Build.0 = Release|x86
		{8DB8B233-508B-41A6-A372-991A6D96EFD3}.Ad-Hoc|iPhoneSimulator.Deploy.0 = Release|x86
		{8DB8B233-508B-41A6-A372-991A6D96EFD3}.Ad-Hoc|x64.ActiveCfg = Release|x64
		{8DB8B233-508B-41A6-A372-991A6D96EFD3}.Ad-Hoc|x64.Build.0 = Release|x64
		{8DB8B233-508B-41A6-A372-991A6D96EFD3}.Ad-Hoc|x64.Deploy.0 = Release|x64
		{8DB8B233-508B-41A6-A372-991A6D96EFD3}.Ad-Hoc|x86.ActiveCfg = Release|x86
		{8DB8B233-508B-41A6-A372-991A6D96EFD3}.Ad-Hoc|x86.Build.0 = Release|x86
		{8DB8B233-508B-41A6-A372-991A6D96EFD3}.Ad-Hoc|x86.Deploy.0 = Release|x86
		{8DB8B233-508B-41A6-A372-991A6D96EFD3}.AppStore|Any CPU.ActiveCfg = Release|x86
		{8DB8B233-508B-41A6-A372-991A6D96EFD3}.AppStore|Any CPU.Build.0 = Release|x86
		{8DB8B233-508B-41A6-A372-991A6D96EFD3}.AppStore|Any CPU.Deploy.0 = Release|x86
		{8DB8B233-508B-41A6-A372-991A6D96EFD3}.AppStore|ARM.ActiveCfg = Release|ARM
		{8DB8B233-508B-41A6-A372-991A6D96EFD3}.AppStore|ARM.Build.0 = Release|ARM
		{8DB8B233-508B-41A6-A372-991A6D96EFD3}.AppStore|ARM.Deploy.0 = Release|ARM
		{8DB8B233-508B-41A6-A372-991A6D96EFD3}.AppStore|iPhone.ActiveCfg = Release|x86
		{8DB8B233-508B-41A6-A372-991A6D96EFD3}.AppStore|iPhone.Build.0 = Release|x86
		{8DB8B233-508B-41A6-A372-991A6D96EFD3}.AppStore|iPhone.Deploy.0 = Release|x86
		{8DB8B233-508B-41A6-A372-991A6D96EFD3}.AppStore|iPhoneSimulator.ActiveCfg = Release|x86
		{8DB8B233-508B-41A6-A372-991A6D96EFD3}.AppStore|iPhoneSimulator.Build.0 = Release|x86
		{8DB8B233-508B-41A6-A372-991A6D96EFD3}.AppStore|iPhoneSimulator.Deploy.0 = Release|x86
		{8DB8B233-508B-41A6-A372-991A6D96EFD3}.AppStore|x64.ActiveCfg = Release|x64
		{8DB8B233-508B-41A6-A372-991A6D96EFD3}.AppStore|x64.Build.0 = Release|x64
		{8DB8B233-508B-41A6-A372-991A6D96EFD3}.AppStore|x64.Deploy.0 = Release|x64
		{8DB8B233-508B-41A6-A372-991A6D96EFD3}.AppStore|x86.ActiveCfg = Release|x86
		{8DB8B233-508B-41A6-A372-991A6D96EFD3}.AppStore|x86.Build.0 = Release|x86
		{8DB8B233-508B-41A6-A372-991A6D96EFD3}.AppStore|x86.Deploy.0 = Release|x86
		{8DB8B233-508B-41A6-A372-991A6D96EFD3}.Debug|Any CPU.ActiveCfg = Debug|x86
		{8DB8B233-508B-41A6-A372-991A6D96EFD3}.Debug|Any CPU.Build.0 = Debug|x86
		{8DB8B233-508B-41A6-A372-991A6D96EFD3}.Debug|Any CPU.Deploy.0 = Debug|x86
		{8DB8B233-508B-41A6-A372-991A6D96EFD3}.Debug|ARM.ActiveCfg = Debug|ARM
		{8DB8B233-508B-41A6-A372-991A6D96EFD3}.Debug|ARM.Build.0 = Debug|ARM
		{8DB8B233-508B-41A6-A372-991A6D96EFD3}.Debug|ARM.Deploy.0 = Debug|ARM
		{8DB8B233-508B-41A6-A372-991A6D96EFD3}.Debug|iPhone.ActiveCfg = Debug|x86
		{8DB8B233-508B-41A6-A372-991A6D96EFD3}.Debug|iPhoneSimulator.ActiveCfg = Debug|x86
		{8DB8B233-508B-41A6-A372-991A6D96EFD3}.Debug|x64.ActiveCfg = Debug|x64
		{8DB8B233-508B-41A6-A372-991A6D96EFD3}.Debug|x64.Build.0 = Debug|x64
		{8DB8B233-508B-41A6-A372-991A6D96EFD3}.Debug|x64.Deploy.0 = Debug|x64
		{8DB8B233-508B-41A6-A372-991A6D96EFD3}.Debug|x86.ActiveCfg = Debug|x86
		{8DB8B233-508B-41A6-A372-991A6D96EFD3}.Debug|x86.Build.0 = Debug|x86
		{8DB8B233-508B-41A6-A372-991A6D96EFD3}.Debug|x86.Deploy.0 = Debug|x86
		{8DB8B233-508B-41A6-A372-991A6D96EFD3}.Release|Any CPU.ActiveCfg = Release|x86
		{8DB8B233-508B-41A6-A372-991A6D96EFD3}.Release|ARM.ActiveCfg = Release|ARM
		{8DB8B233-508B-41A6-A372-991A6D96EFD3}.Release|ARM.Build.0 = Release|ARM
		{8DB8B233-508B-41A6-A372-991A6D96EFD3}.Release|ARM.Deploy.0 = Release|ARM
		{8DB8B233-508B-41A6-A372-991A6D96EFD3}.Release|iPhone.ActiveCfg = Release|x86
		{8DB8B233-508B-41A6-A372-991A6D96EFD3}.Release|iPhoneSimulator.ActiveCfg = Release|x86
		{8DB8B233-508B-41A6-A372-991A6D96EFD3}.Release|x64.ActiveCfg = Release|x64
		{8DB8B233-508B-41A6-A372-991A6D96EFD3}.Release|x64.Build.0 = Release|x64
		{8DB8B233-508B-41A6-A372-991A6D96EFD3}.Release|x64.Deploy.0 = Release|x64
		{8DB8B233-508B-41A6-A372-991A6D96EFD3}.Release|x86.ActiveCfg = Release|x86
		{8DB8B233-508B-41A6-A372-991A6D96EFD3}.Release|x86.Build.0 = Release|x86
		{8DB8B233-508B-41A6-A372-991A6D96EFD3}.Release|x86.Deploy.0 = Release|x86
	EndGlobalSection
	GlobalSection(SolutionProperties) = preSolution
		HideSolutionNode = FALSE
	EndGlobalSection
EndGlobal
